
Microsoft Visual Studio Solution File, Format Version 12.00
# Visual Studio Version 16
VisualStudioVersion = 16.0.29020.237
MinimumVisualStudioVersion = 10.0.40219.1
Project("{FAE04EC0-301F-11D3-BF4B-00C04F79EFBC}") = "CreateFile", "CreateFile.csproj", "{9EF0274B-89FF-4FB1-9402-835F1FE5178A}"
EndProject
Global
	GlobalSection(SolutionConfigurationPlatforms) = preSolution
		Debug|Any CPU = Debug|Any CPU
		Release|Any CPU = Release|Any CPU
	EndGlobalSection
	GlobalSection(ProjectConfigurationPlatforms) = postSolution
		{9EF0274B-89FF-4FB1-9402-835F1FE5178A}.Debug|Any CPU.ActiveCfg = Debug|Any CPU
		{9EF0274B-89FF-4FB1-9402-835F1FE5178A}.Debug|Any CPU.Build.0 = Debug|Any CPU
		{9EF0274B-89FF-4FB1-9402-835F1FE5178A}.Release|Any CPU.ActiveCfg = Release|Any CPU
		{9EF0274B-89FF-4FB1-9402-835F1FE5178A}.Release|Any CPU.Build.0 = Release|Any CPU
	EndGlobalSection
	GlobalSection(SolutionProperties) = preSolution
		HideSolutionNode = FALSE
	EndGlobalSection
	GlobalSection(ExtensibilityGlobals) = postSolution
		SolutionGuid = {CF856B33-0D9B-4B45-9A29-6D9928A19FF0}
	EndGlobalSection
EndGlobal
